
Microsoft Visual Studio Solution File, Format Version 12.00
# Visual Studio Version 17
VisualStudioVersion = 17.5.002.0
MinimumVisualStudioVersion = 10.0.40219.1
Project("{2150E333-8FDC-42A3-9474-1A3956D46DE8}") = "csharp-prep", "csharp-prep", "{88C515E7-3186-48CA-8FC1-6A2F42A9C116}"
EndProject
Project("{9A19103F-16F7-4668-BE54-9A1E7A4F7556}") = "Prep1", "csharp-prep\Prep1\Prep1.csproj", "{27EB72E8-C42E-4F4D-92B0-AAC9AC093310}"
EndProject
Project("{9A19103F-16F7-4668-BE54-9A1E7A4F7556}") = "Prep2", "csharp-prep\Prep2\Prep2.csproj", "{0AA87C0B-A1CC-4D31-932B-CEABF626BA3C}"
EndProject
Project("{9A19103F-16F7-4668-BE54-9A1E7A4F7556}") = "Prep3", "csharp-prep\Prep3\Prep3.csproj", "{AE90E034-80B5-4E9D-B9FA-8228FA8DD5B3}"
EndProject
Project("{9A19103F-16F7-4668-BE54-9A1E7A4F7556}") = "Prep4", "csharp-prep\Prep4\Prep4.csproj", "{64E20E9B-3236-4136-AFEE-903F81A6B85A}"
EndProject
Project("{9A19103F-16F7-4668-BE54-9A1E7A4F7556}") = "Prep5", "csharp-prep\Prep5\Prep5.csproj", "{78A0D678-64B8-4F82-BA58-39EECB8CF2EF}"
EndProject
Project("{2150E333-8FDC-42A3-9474-1A3956D46DE8}") = "final", "final", "{D7E7FF69-5E5A-4904-9EF8-14AAE447D558}"
EndProject
Project("{9A19103F-16F7-4668-BE54-9A1E7A4F7556}") = "FinalProject", "final\FinalProject\FinalProject.csproj", "{6D277E33-191E-4EB0-81F1-383DF1118A77}"
EndProject
Project("{9A19103F-16F7-4668-BE54-9A1E7A4F7556}") = "Foundation1", "final\Foundation1\Foundation1.csproj", "{BAA8E2DC-256B-4411-9ABB-5288B88C08A0}"
EndProject
Project("{9A19103F-16F7-4668-BE54-9A1E7A4F7556}") = "Foundation2", "final\Foundation2\Foundation2.csproj", "{06C0F9B5-7007-44D4-AE29-54F808FCBF38}"
EndProject
Project("{9A19103F-16F7-4668-BE54-9A1E7A4F7556}") = "Foundation3", "final\Foundation3\Foundation3.csproj", "{70D20DE3-4003-43C2-A19F-4ECE0A111BD7}"
EndProject
Project("{9A19103F-16F7-4668-BE54-9A1E7A4F7556}") = "Foundation4", "final\Foundation4\Foundation4.csproj", "{D99A4057-985C-4AC9-AD5D-CEC3AD3011F6}"
EndProject
Project("{2150E333-8FDC-42A3-9474-1A3956D46DE8}") = "prepare", "prepare", "{3B423F48-D3BF-4152-8394-5DCAD909B392}"
EndProject
Project("{9A19103F-16F7-4668-BE54-9A1E7A4F7556}") = "Learning02", "prepare\Learning02\Learning02.csproj", "{7756E197-54C0-42C5-ABA4-F03D0370AC79}"
EndProject
Project("{9A19103F-16F7-4668-BE54-9A1E7A4F7556}") = "Learning03", "prepare\Learning03\Learning03.csproj", "{7EFE8059-F15B-4038-90F3-F5F3C5176C09}"
EndProject
Project("{9A19103F-16F7-4668-BE54-9A1E7A4F7556}") = "Learning04", "prepare\Learning04\Learning04.csproj", "{8CAB813D-42AF-4FAC-8180-82D88BA008B2}"
EndProject
Project("{9A19103F-16F7-4668-BE54-9A1E7A4F7556}") = "Learning05", "prepare\Learning05\Learning05.csproj", "{7EA26069-7D66-4387-9B7C-BB78CC96FBCE}"
EndProject
Project("{2150E333-8FDC-42A3-9474-1A3956D46DE8}") = "prove", "prove", "{1E2A914E-0AAE-4DF4-B2D7-D13DE6575A8E}"
EndProject
Project("{9A19103F-16F7-4668-BE54-9A1E7A4F7556}") = "Develop02", "prove\Develop02\Develop02.csproj", "{3004B350-B4D8-4CE9-8952-EB612E23EAC8}"
EndProject
Project("{9A19103F-16F7-4668-BE54-9A1E7A4F7556}") = "Develop03", "prove\Develop03\Develop03.csproj", "{6974E7AF-B08C-41C7-A09F-38634FCEBC03}"
EndProject
Project("{9A19103F-16F7-4668-BE54-9A1E7A4F7556}") = "Develop04", "prove\Develop04\Develop04.csproj", "{D79EFA88-5726-44D8-8314-A9BF9B31D79D}"
EndProject
Project("{9A19103F-16F7-4668-BE54-9A1E7A4F7556}") = "Develop05", "prove\Develop05\Develop05.csproj", "{7FFB47DF-0337-454E-9F4B-E1D03DAF730F}"
EndProject
Project("{2150E333-8FDC-42A3-9474-1A3956D46DE8}") = "sandbox", "sandbox", "{0257B7C2-BCCF-4E58-BDC8-3EF65CD5620A}"
EndProject
Project("{9A19103F-16F7-4668-BE54-9A1E7A4F7556}") = "Sandbox", "sandbox\Sandbox\Sandbox.csproj", "{F9BE1EA8-7E94-40BB-9597-0A84A1D17118}"
EndProject
Global
	GlobalSection(SolutionConfigurationPlatforms) = preSolution
		Debug|Any CPU = Debug|Any CPU
		Release|Any CPU = Release|Any CPU
	EndGlobalSection
	GlobalSection(ProjectConfigurationPlatforms) = postSolution
		{27EB72E8-C42E-4F4D-92B0-AAC9AC093310}.Debug|Any CPU.ActiveCfg = Debug|Any CPU
		{27EB72E8-C42E-4F4D-92B0-AAC9AC093310}.Debug|Any CPU.Build.0 = Debug|Any CPU
		{27EB72E8-C42E-4F4D-92B0-AAC9AC093310}.Release|Any CPU.ActiveCfg = Release|Any CPU
		{27EB72E8-C42E-4F4D-92B0-AAC9AC093310}.Release|Any CPU.Build.0 = Release|Any CPU
		{0AA87C0B-A1CC-4D31-932B-CEABF626BA3C}.Debug|Any CPU.ActiveCfg = Debug|Any CPU
		{0AA87C0B-A1CC-4D31-932B-CEABF626BA3C}.Debug|Any CPU.Build.0 = Debug|Any CPU
		{0AA87C0B-A1CC-4D31-932B-CEABF626BA3C}.Release|Any CPU.ActiveCfg = Release|Any CPU
		{0AA87C0B-A1CC-4D31-932B-CEABF626BA3C}.Release|Any CPU.Build.0 = Release|Any CPU
		{AE90E034-80B5-4E9D-B9FA-8228FA8DD5B3}.Debug|Any CPU.ActiveCfg = Debug|Any CPU
		{AE90E034-80B5-4E9D-B9FA-8228FA8DD5B3}.Debug|Any CPU.Build.0 = Debug|Any CPU
		{AE90E034-80B5-4E9D-B9FA-8228FA8DD5B3}.Release|Any CPU.ActiveCfg = Release|Any CPU
		{AE90E034-80B5-4E9D-B9FA-8228FA8DD5B3}.Release|Any CPU.Build.0 = Release|Any CPU
		{64E20E9B-3236-4136-AFEE-903F81A6B85A}.Debug|Any CPU.ActiveCfg = Debug|Any CPU
		{64E20E9B-3236-4136-AFEE-903F81A6B85A}.Debug|Any CPU.Build.0 = Debug|Any CPU
		{64E20E9B-3236-4136-AFEE-903F81A6B85A}.Release|Any CPU.ActiveCfg = Release|Any CPU
		{64E20E9B-3236-4136-AFEE-903F81A6B85A}.Release|Any CPU.Build.0 = Release|Any CPU
		{78A0D678-64B8-4F82-BA58-39EECB8CF2EF}.Debug|Any CPU.ActiveCfg = Debug|Any CPU
		{78A0D678-64B8-4F82-BA58-39EECB8CF2EF}.Debug|Any CPU.Build.0 = Debug|Any CPU
		{78A0D678-64B8-4F82-BA58-39EECB8CF2EF}.Release|Any CPU.ActiveCfg = Release|Any CPU
		{78A0D678-64B8-4F82-BA58-39EECB8CF2EF}.Release|Any CPU.Build.0 = Release|Any CPU
		{6D277E33-191E-4EB0-81F1-383DF1118A77}.Debug|Any CPU.ActiveCfg = Debug|Any CPU
		{6D277E33-191E-4EB0-81F1-383DF1118A77}.Debug|Any CPU.Build.0 = Debug|Any CPU
		{6D277E33-191E-4EB0-81F1-383DF1118A77}.Release|Any CPU.ActiveCfg = Release|Any CPU
		{6D277E33-191E-4EB0-81F1-383DF1118A77}.Release|Any CPU.Build.0 = Release|Any CPU
		{BAA8E2DC-256B-4411-9ABB-5288B88C08A0}.Debug|Any CPU.ActiveCfg = Debug|Any CPU
		{BAA8E2DC-256B-4411-9ABB-5288B88C08A0}.Debug|Any CPU.Build.0 = Debug|Any CPU
		{BAA8E2DC-256B-4411-9ABB-5288B88C08A0}.Release|Any CPU.ActiveCfg = Release|Any CPU
		{BAA8E2DC-256B-4411-9ABB-5288B88C08A0}.Release|Any CPU.Build.0 = Release|Any CPU
		{06C0F9B5-7007-44D4-AE29-54F808FCBF38}.Debug|Any CPU.ActiveCfg = Debug|Any CPU
		{06C0F9B5-7007-44D4-AE29-54F808FCBF38}.Debug|Any CPU.Build.0 = Debug|Any CPU
		{06C0F9B5-7007-44D4-AE29-54F808FCBF38}.Release|Any CPU.ActiveCfg = Release|Any CPU
		{06C0F9B5-7007-44D4-AE29-54F808FCBF38}.Release|Any CPU.Build.0 = Release|Any CPU
		{70D20DE3-4003-43C2-A19F-4ECE0A111BD7}.Debug|Any CPU.ActiveCfg = Debug|Any CPU
		{70D20DE3-4003-43C2-A19F-4ECE0A111BD7}.Debug|Any CPU.Build.0 = Debug|Any CPU
		{70D20DE3-4003-43C2-A19F-4ECE0A111BD7}.Release|Any CPU.ActiveCfg = Release|Any CPU
		{70D20DE3-4003-43C2-A19F-4ECE0A111BD7}.Release|Any CPU.Build.0 = Release|Any CPU
		{D99A4057-985C-4AC9-AD5D-CEC3AD3011F6}.Debug|Any CPU.ActiveCfg = Debug|Any CPU
		{D99A4057-985C-4AC9-AD5D-CEC3AD3011F6}.Debug|Any CPU.Build.0 = Debug|Any CPU
		{D99A4057-985C-4AC9-AD5D-CEC3AD3011F6}.Release|Any CPU.ActiveCfg = Release|Any CPU
		{D99A4057-985C-4AC9-AD5D-CEC3AD3011F6}.Release|Any CPU.Build.0 = Release|Any CPU
		{7756E197-54C0-42C5-ABA4-F03D0370AC79}.Debug|Any CPU.ActiveCfg = Debug|Any CPU
		{7756E197-54C0-42C5-ABA4-F03D0370AC79}.Debug|Any CPU.Build.0 = Debug|Any CPU
		{7756E197-54C0-42C5-ABA4-F03D0370AC79}.Release|Any CPU.ActiveCfg = Release|Any CPU
		{7756E197-54C0-42C5-ABA4-F03D0370AC79}.Release|Any CPU.Build.0 = Release|Any CPU
		{7EFE8059-F15B-4038-90F3-F5F3C5176C09}.Debug|Any CPU.ActiveCfg = Debug|Any CPU
		{7EFE8059-F15B-4038-90F3-F5F3C5176C09}.Debug|Any CPU.Build.0 = Debug|Any CPU
		{7EFE8059-F15B-4038-90F3-F5F3C5176C09}.Release|Any CPU.ActiveCfg = Release|Any CPU
		{7EFE8059-F15B-4038-90F3-F5F3C5176C09}.Release|Any CPU.Build.0 = Release|Any CPU
		{8CAB813D-42AF-4FAC-8180-82D88BA008B2}.Debug|Any CPU.ActiveCfg = Debug|Any CPU
		{8CAB813D-42AF-4FAC-8180-82D88BA008B2}.Debug|Any CPU.Build.0 = Debug|Any CPU
		{8CAB813D-42AF-4FAC-8180-82D88BA008B2}.Release|Any CPU.ActiveCfg = Release|Any CPU
		{8CAB813D-42AF-4FAC-8180-82D88BA008B2}.Release|Any CPU.Build.0 = Release|Any CPU
		{7EA26069-7D66-4387-9B7C-BB78CC96FBCE}.Debug|Any CPU.ActiveCfg = Debug|Any CPU
		{7EA26069-7D66-4387-9B7C-BB78CC96FBCE}.Debug|Any CPU.Build.0 = Debug|Any CPU
		{7EA26069-7D66-4387-9B7C-BB78CC96FBCE}.Release|Any CPU.ActiveCfg = Release|Any CPU
		{7EA26069-7D66-4387-9B7C-BB78CC96FBCE}.Release|Any CPU.Build.0 = Release|Any CPU
		{3004B350-B4D8-4CE9-8952-EB612E23EAC8}.Debug|Any CPU.ActiveCfg = Debug|Any CPU
		{3004B350-B4D8-4CE9-8952-EB612E23EAC8}.Debug|Any CPU.Build.0 = Debug|Any CPU
		{3004B350-B4D8-4CE9-8952-EB612E23EAC8}.Release|Any CPU.ActiveCfg = Release|Any CPU
		{3004B350-B4D8-4CE9-8952-EB612E23EAC8}.Release|Any CPU.Build.0 = Release|Any CPU
		{6974E7AF-B08C-41C7-A09F-38634FCEBC03}.Debug|Any CPU.ActiveCfg = Debug|Any CPU
		{6974E7AF-B08C-41C7-A09F-38634FCEBC03}.Debug|Any CPU.Build.0 = Debug|Any CPU
		{6974E7AF-B08C-41C7-A09F-38634FCEBC03}.Release|Any CPU.ActiveCfg = Release|Any CPU
		{6974E7AF-B08C-41C7-A09F-38634FCEBC03}.Release|Any CPU.Build.0 = Release|Any CPU
		{D79EFA88-5726-44D8-8314-A9BF9B31D79D}.Debug|Any CPU.ActiveCfg = Debug|Any CPU
		{D79EFA88-5726-44D8-8314-A9BF9B31D79D}.Debug|Any CPU.Build.0 = Debug|Any CPU
		{D79EFA88-5726-44D8-8314-A9BF9B31D79D}.Release|Any CPU.ActiveCfg = Release|Any CPU
		{D79EFA88-5726-44D8-8314-A9BF9B31D79D}.Release|Any CPU.Build.0 = Release|Any CPU
		{7FFB47DF-0337-454E-9F4B-E1D03DAF730F}.Debug|Any CPU.ActiveCfg = Debug|Any CPU
		{7FFB47DF-0337-454E-9F4B-E1D03DAF730F}.Debug|Any CPU.Build.0 = Debug|Any CPU
		{7FFB47DF-0337-454E-9F4B-E1D03DAF730F}.Release|Any CPU.ActiveCfg = Release|Any CPU
		{7FFB47DF-0337-454E-9F4B-E1D03DAF730F}.Release|Any CPU.Build.0 = Release|Any CPU
		{F9BE1EA8-7E94-40BB-9597-0A84A1D17118}.Debug|Any CPU.ActiveCfg = Debug|Any CPU
		{F9BE1EA8-7E94-40BB-9597-0A84A1D17118}.Debug|Any CPU.Build.0 = Debug|Any CPU
		{F9BE1EA8-7E94-40BB-9597-0A84A1D17118}.Release|Any CPU.ActiveCfg = Release|Any CPU
		{F9BE1EA8-7E94-40BB-9597-0A84A1D17118}.Release|Any CPU.Build.0 = Release|Any CPU
	EndGlobalSection
	GlobalSection(SolutionProperties) = preSolution
		HideSolutionNode = FALSE
	EndGlobalSection
	GlobalSection(NestedProjects) = preSolution
		{27EB72E8-C42E-4F4D-92B0-AAC9AC093310} = {88C515E7-3186-48CA-8FC1-6A2F42A9C116}
		{0AA87C0B-A1CC-4D31-932B-CEABF626BA3C} = {88C515E7-3186-48CA-8FC1-6A2F42A9C116}
		{AE90E034-80B5-4E9D-B9FA-8228FA8DD5B3} = {88C515E7-3186-48CA-8FC1-6A2F42A9C116}
		{64E20E9B-3236-4136-AFEE-903F81A6B85A} = {88C515E7-3186-48CA-8FC1-6A2F42A9C116}
		{78A0D678-64B8-4F82-BA58-39EECB8CF2EF} = {88C515E7-3186-48CA-8FC1-6A2F42A9C116}
		{6D277E33-191E-4EB0-81F1-383DF1118A77} = {D7E7FF69-5E5A-4904-9EF8-14AAE447D558}
		{BAA8E2DC-256B-4411-9ABB-5288B88C08A0} = {D7E7FF69-5E5A-4904-9EF8-14AAE447D558}
		{06C0F9B5-7007-44D4-AE29-54F808FCBF38} = {D7E7FF69-5E5A-4904-9EF8-14AAE447D558}
		{70D20DE3-4003-43C2-A19F-4ECE0A111BD7} = {D7E7FF69-5E5A-4904-9EF8-14AAE447D558}
		{D99A4057-985C-4AC9-AD5D-CEC3AD3011F6} = {D7E7FF69-5E5A-4904-9EF8-14AAE447D558}
		{7756E197-54C0-42C5-ABA4-F03D0370AC79} = {3B423F48-D3BF-4152-8394-5DCAD909B392}
		{7EFE8059-F15B-4038-90F3-F5F3C5176C09} = {3B423F48-D3BF-4152-8394-5DCAD909B392}
		{8CAB813D-42AF-4FAC-8180-82D88BA008B2} = {3B423F48-D3BF-4152-8394-5DCAD909B392}
		{7EA26069-7D66-4387-9B7C-BB78CC96FBCE} = {3B423F48-D3BF-4152-8394-5DCAD909B392}
		{3004B350-B4D8-4CE9-8952-EB612E23EAC8} = {1E2A914E-0AAE-4DF4-B2D7-D13DE6575A8E}
		{6974E7AF-B08C-41C7-A09F-38634FCEBC03} = {1E2A914E-0AAE-4DF4-B2D7-D13DE6575A8E}
		{D79EFA88-5726-44D8-8314-A9BF9B31D79D} = {1E2A914E-0AAE-4DF4-B2D7-D13DE6575A8E}
		{7FFB47DF-0337-454E-9F4B-E1D03DAF730F} = {1E2A914E-0AAE-4DF4-B2D7-D13DE6575A8E}
		{F9BE1EA8-7E94-40BB-9597-0A84A1D17118} = {0257B7C2-BCCF-4E58-BDC8-3EF65CD5620A}
	EndGlobalSection
	GlobalSection(ExtensibilityGlobals) = postSolution
		SolutionGuid = {54977079-8B02-4C25-B8CA-9E7C3BB204BE}
	EndGlobalSection
EndGlobal
